{
  "lockfile_version": "1",
  "packages": {
    "github:NixOS/nixpkgs/nixpkgs-unstable": {
      "last_modified": "2025-04-13T09:22:33Z",
      "resolved": "github:NixOS/nixpkgs/18dd725c29603f582cf1900e0d25f9f1063dbf11?lastModified=1744536153&narHash=sha256-awS2zRgF4uTwrOKwwiJcByDzDOdo3Q1rPZbiHQg%2FN38%3D"
    },
    "grype@0.87.0": {
      "last_modified": "2025-04-02T04:26:43Z",
      "resolved": "github:NixOS/nixpkgs/b7ba7f9f45c5cd0d8625e9e217c28f8eb6a19a76#grype",
      "source": "devbox-search",
      "version": "0.87.0",
      "systems": {
        "aarch64-darwin": {
          "outputs": [
            {
              "name": "out",
              "path": "/nix/store/gm179vc50292bn7hn2wq8kdr7jh6s03j-grype-0.87.0",
              "default": true
            }
          ],
          "store_path": "/nix/store/gm179vc50292bn7hn2wq8kdr7jh6s03j-grype-0.87.0"
        },
        "aarch64-linux": {
          "outputs": [
            {
              "name": "out",
              "path": "/nix/store/nvhxv5xdq2689ns06ikyk2mqj4ilbm1n-grype-0.87.0",
              "default": true
            }
          ],
          "store_path": "/nix/store/nvhxv5xdq2689ns06ikyk2mqj4ilbm1n-grype-0.87.0"
        },
        "x86_64-darwin": {
          "outputs": [
            {
              "name": "out",
              "path": "/nix/store/s9xrbf3dvjs59jdsgqhnbc9c68bly3q7-grype-0.87.0",
              "default": true
            }
          ],
          "store_path": "/nix/store/s9xrbf3dvjs59jdsgqhnbc9c68bly3q7-grype-0.87.0"
        },
        "x86_64-linux": {
          "outputs": [
            {
              "name": "out",
              "path": "/nix/store/3600xncpm9p58n7v79p6ic38k2kafcn4-grype-0.87.0",
              "default": true
            }
          ],
          "store_path": "/nix/store/3600xncpm9p58n7v79p6ic38k2kafcn4-grype-0.87.0"
        }
      }
    },
    "jq@1.7.1": {
      "last_modified": "2025-04-13T09:22:33Z",
      "resolved": "github:NixOS/nixpkgs/18dd725c29603f582cf1900e0d25f9f1063dbf11#jq",
      "source": "devbox-search",
      "version": "1.7.1",
      "systems": {
        "aarch64-darwin": {
          "outputs": [
            {
              "name": "bin",
              "path": "/nix/store/6njxc4ma96r9qc88scwsmnh64a086yrn-jq-1.7.1-bin",
              "default": true
            },
            {
              "name": "man",
              "path": "/nix/store/806zwhmy9qkp695x9y4c373fpcz8ql7i-jq-1.7.1-man",
              "default": true
            },
            {
              "name": "out",
              "path": "/nix/store/7h4z72g5bpfwcnmc0a77x3aqp8vg0h0f-jq-1.7.1"
            },
            {
              "name": "dev",
              "path": "/nix/store/haxb6i05p1ganzinkzk3xib7d8zg2zzd-jq-1.7.1-dev"
            },
            {
              "name": "doc",
              "path": "/nix/store/d1ij699i2mbwix1my3b8k7ckfykhrp1m-jq-1.7.1-doc"
            }
          ],
          "store_path": "/nix/store/6njxc4ma96r9qc88scwsmnh64a086yrn-jq-1.7.1-bin"
        },
        "aarch64-linux": {
          "outputs": [
            {
              "name": "bin",
              "path": "/nix/store/xv6l5qpmjm1cm1v519d3zzx72givc912-jq-1.7.1-bin",
              "default": true
            },
            {
              "name": "man",
              "path": "/nix/store/pbq5gvwvgbfx0njjvx7zaijhn9jxgv9j-jq-1.7.1-man",
              "default": true
            },
            {
              "name": "out",
              "path": "/nix/store/dr03sim3pqyxh2aakwzmp19l54alic6c-jq-1.7.1"
            },
            {
              "name": "dev",
              "path": "/nix/store/79rh194hlm4y033ry74mhm5c1gzhicxh-jq-1.7.1-dev"
            },
            {
              "name": "doc",
              "path": "/nix/store/58k6ajhi376snpa2qx9nmismqwr23fi6-jq-1.7.1-doc"
            }
          ],
          "store_path": "/nix/store/xv6l5qpmjm1cm1v519d3zzx72givc912-jq-1.7.1-bin"
        },
        "x86_64-darwin": {
          "outputs": [
            {
              "name": "bin",
              "path": "/nix/store/8xh7an43y0xkawgf0pb7mxvcr20l17qh-jq-1.7.1-bin",
              "default": true
            },
            {
              "name": "man",
              "path": "/nix/store/72iz7d48dslq7dlba92f72gcqiwy1bnv-jq-1.7.1-man",
              "default": true
            },
            {
              "name": "out",
              "path": "/nix/store/yv3i7vxi014xhly4dv8lkgh05p2n5wsy-jq-1.7.1"
            },
            {
              "name": "dev",
              "path": "/nix/store/x1rvxbvad0bkmrb849likb36kp44p6k3-jq-1.7.1-dev"
            },
            {
              "name": "doc",
              "path": "/nix/store/y7riwf6jr799jvd9v8aj5626ix6w4s6v-jq-1.7.1-doc"
            }
          ],
          "store_path": "/nix/store/8xh7an43y0xkawgf0pb7mxvcr20l17qh-jq-1.7.1-bin"
        },
        "x86_64-linux": {
          "outputs": [
            {
              "name": "bin",
              "path": "/nix/store/gpxsdrrd4x93fs75395vr2dfys1ki9mq-jq-1.7.1-bin",
              "default": true
            },
            {
              "name": "man",
              "path": "/nix/store/0h33kdarki6bp6pwf7xc5rzjnx8ky4j4-jq-1.7.1-man",
              "default": true
            },
            {
              "name": "out",
              "path": "/nix/store/ma6hybrgazb471pd53mwnvh1vsv87cxb-jq-1.7.1"
            },
            {
              "name": "dev",
              "path": "/nix/store/ld8ys81ch5fj94j0jrwbkgwwjxmbwdxh-jq-1.7.1-dev"
            },
            {
              "name": "doc",
              "path": "/nix/store/nhg3x57268kb3q1021w3m002xxqpj50w-jq-1.7.1-doc"
            }
          ],
          "store_path": "/nix/store/gpxsdrrd4x93fs75395vr2dfys1ki9mq-jq-1.7.1-bin"
        }
      }
    },
    "syft@1.21.0": {
      "last_modified": "2025-04-07T13:23:10Z",
      "resolved": "github:NixOS/nixpkgs/b0b4b5f8f621bfe213b8b21694bab52ecfcbf30b#syft",
      "source": "devbox-search",
      "version": "1.21.0",
      "systems": {
        "aarch64-darwin": {
          "outputs": [
            {
              "name": "out",
              "path": "/nix/store/qv9jf35x8gynwdxdxjs3qipwxnvh9dyn-syft-1.21.0",
              "default": true
            }
          ],
          "store_path": "/nix/store/qv9jf35x8gynwdxdxjs3qipwxnvh9dyn-syft-1.21.0"
        },
        "aarch64-linux": {
          "outputs": [
            {
              "name": "out",
              "path": "/nix/store/kdxrsqr360kczbad2ikj2mvklwiqr8cg-syft-1.21.0",
              "default": true
            }
          ],
          "store_path": "/nix/store/kdxrsqr360kczbad2ikj2mvklwiqr8cg-syft-1.21.0"
        },
        "x86_64-darwin": {
          "outputs": [
            {
              "name": "out",
              "path": "/nix/store/a7pwr9h6h4dvfr5if2f6w54cm6j354p5-syft-1.21.0",
              "default": true
            }
          ],
          "store_path": "/nix/store/a7pwr9h6h4dvfr5if2f6w54cm6j354p5-syft-1.21.0"
        },
        "x86_64-linux": {
          "outputs": [
            {
              "name": "out",
              "path": "/nix/store/41yg5d24g06sdiqmvd4im0ph0ibphwba-syft-1.21.0",
              "default": true
            }
          ],
          "store_path": "/nix/store/41yg5d24g06sdiqmvd4im0ph0ibphwba-syft-1.21.0"
        }
      }
    }
  }
}
